
Microsoft Visual Studio Solution File, Format Version 12.00
# Visual Studio Version 17
VisualStudioVersion = 17.7.34202.233
MinimumVisualStudioVersion = 10.0.40219.1
Project("{FAE04EC0-301F-11D3-BF4B-00C04F79EFBC}") = "pr3", "pr3\pr3.csproj", "{10A460B6-4255-415B-B3D5-C9BB5FD8EC3E}"
EndProject
Global
	GlobalSection(SolutionConfigurationPlatforms) = preSolution
		Debug|Any CPU = Debug|Any CPU
		Release|Any CPU = Release|Any CPU
	EndGlobalSection
	GlobalSection(ProjectConfigurationPlatforms) = postSolution
		{10A460B6-4255-415B-B3D5-C9BB5FD8EC3E}.Debug|Any CPU.ActiveCfg = Debug|Any CPU
		{10A460B6-4255-415B-B3D5-C9BB5FD8EC3E}.Debug|Any CPU.Build.0 = Debug|Any CPU
		{10A460B6-4255-415B-B3D5-C9BB5FD8EC3E}.Release|Any CPU.ActiveCfg = Release|Any CPU
		{10A460B6-4255-415B-B3D5-C9BB5FD8EC3E}.Release|Any CPU.Build.0 = Release|Any CPU
	EndGlobalSection
	GlobalSection(SolutionProperties) = preSolution
		HideSolutionNode = FALSE
	EndGlobalSection
	GlobalSection(ExtensibilityGlobals) = postSolution
		SolutionGuid = {1FD3C9D8-F02A-4B53-A75C-39B78C8BEB76}
	EndGlobalSection
EndGlobal
